<?xml version="1.0" encoding="utf-8"?>
<Project ToolsVersion="17.0" xmlns="http://schemas.microsoft.com/developer/msbuild/2003">
  <ItemGroup>
    <ClCompile Include="H:\Year 2\Production level C++\angry-birds-clone-assignment-Lawrex29\src\main.cpp">
      <Filter>Source Files</Filter>
    </ClCompile>
  </ItemGroup>
  <ItemGroup>
    <ClInclude Include="H:\Year 2\Production level C++\angry-birds-clone-assignment-Lawrex29\include\Enemy.h">
      <Filter>Header Files</Filter>
    </ClInclude>
    <ClInclude Include="H:\Year 2\Production level C++\angry-birds-clone-assignment-Lawrex29\include\Slingshot.h">
      <Filter>Header Files</Filter>
    </ClInclude>
  </ItemGroup>
  <ItemGroup>
    <CustomBuild Include="H:\Year 2\Production level C++\angry-birds-clone-assignment-Lawrex29\CMakeLists.txt" />
  </ItemGroup>
  <ItemGroup>
    <Filter Include="Header Files">
      <UniqueIdentifier>{23800195-7AA7-32DB-BA83-19217A523346}</UniqueIdentifier>
    </Filter>
    <Filter Include="Source Files">
      <UniqueIdentifier>{DCB7D136-2152-371B-BD22-330AC04DF986}</UniqueIdentifier>
    </Filter>
  </ItemGroup>
</Project>
