
Microsoft Visual Studio Solution File, Format Version 12.00
# Visual Studio Version 17
Project("{2150E333-8FDC-42A3-9474-1A3956D46DE8}") = "CMake", "CMake", "{D474AB01-A3BA-32DD-98F2-1D7543B02CDE}"
EndProject
Project("{2150E333-8FDC-42A3-9474-1A3956D46DE8}") = "SFML", "SFML", "{41C89FEB-27EF-3853-90EF-A16375140469}"
EndProject
Project("{8BC9CEB8-8B4A-11D0-8D11-00A0C91BC942}") = "ALL_BUILD", "ALL_BUILD.vcxproj", "{795DAE64-2CB6-3439-9668-174A2E1CA675}"
	ProjectSection(ProjectDependencies) = postProject
		{753F7AD8-3477-370C-8887-0893A1488D15} = {753F7AD8-3477-370C-8887-0893A1488D15}
		{F4B2F758-4FC9-3651-A3B6-ECA699291D7D} = {F4B2F758-4FC9-3651-A3B6-ECA699291D7D}
		{95FA44D3-5FB2-3C66-B382-98FF2FAA16C0} = {95FA44D3-5FB2-3C66-B382-98FF2FAA16C0}
		{61F62545-97FD-3A6E-8929-8CFE501B5D66} = {61F62545-97FD-3A6E-8929-8CFE501B5D66}
		{51A6162B-87A1-34B8-8FE1-428569E1377D} = {51A6162B-87A1-34B8-8FE1-428569E1377D}
		{15BF9661-B5AC-383F-B114-C8A5FBFB5B56} = {15BF9661-B5AC-383F-B114-C8A5FBFB5B56}
		{66FBDC48-2444-3CB8-9218-3DF8BD466081} = {66FBDC48-2444-3CB8-9218-3DF8BD466081}
		{B7805707-F1C1-3040-9AF6-9AC777D2DBEA} = {B7805707-F1C1-3040-9AF6-9AC777D2DBEA}
		{9EDAD5EE-6AB8-3D7F-B703-1D4FB202CBFA} = {9EDAD5EE-6AB8-3D7F-B703-1D4FB202CBFA}
		{5D114403-0FB6-3C1F-9D1B-4B374D356078} = {5D114403-0FB6-3C1F-9D1B-4B374D356078}
		{AED64DA4-6CEF-3878-82D4-30C68A0680BB} = {AED64DA4-6CEF-3878-82D4-30C68A0680BB}
		{6B9CD526-9BC0-32DB-8B09-6346587B50CB} = {6B9CD526-9BC0-32DB-8B09-6346587B50CB}
		{4A97D0CA-8945-38CF-BF91-25625E59698E} = {4A97D0CA-8945-38CF-BF91-25625E59698E}
		{7FFD146E-3DF3-3D0E-9813-58CE0F7C106F} = {7FFD146E-3DF3-3D0E-9813-58CE0F7C106F}
		{99F831D8-F70B-3A32-A2DB-D8DCA1CCDEE5} = {99F831D8-F70B-3A32-A2DB-D8DCA1CCDEE5}
		{E6F61C01-014B-366E-A481-4672F4A92127} = {E6F61C01-014B-366E-A481-4672F4A92127}
		{0BDE4B47-1EE1-3C3B-AEF1-AA04AEB548B9} = {0BDE4B47-1EE1-3C3B-AEF1-AA04AEB548B9}
		{F7994DCE-60F8-3903-B715-B64172EA27FA} = {F7994DCE-60F8-3903-B715-B64172EA27FA}
		{20DDD6ED-D683-35D9-A29C-A2071C3AA3B5} = {20DDD6ED-D683-35D9-A29C-A2071C3AA3B5}
		{F38EE1D4-4DD7-31B2-8EF4-739518DBB8B0} = {F38EE1D4-4DD7-31B2-8EF4-739518DBB8B0}
	EndProjectSection
EndProject
Project("{8BC9CEB8-8B4A-11D0-8D11-00A0C91BC942}") = "Annoyed_Flocks", "Annoyed_Flocks.vcxproj", "{753F7AD8-3477-370C-8887-0893A1488D15}"
	ProjectSection(ProjectDependencies) = postProject
		{95FA44D3-5FB2-3C66-B382-98FF2FAA16C0} = {95FA44D3-5FB2-3C66-B382-98FF2FAA16C0}
		{61F62545-97FD-3A6E-8929-8CFE501B5D66} = {61F62545-97FD-3A6E-8929-8CFE501B5D66}
		{4A97D0CA-8945-38CF-BF91-25625E59698E} = {4A97D0CA-8945-38CF-BF91-25625E59698E}
		{7FFD146E-3DF3-3D0E-9813-58CE0F7C106F} = {7FFD146E-3DF3-3D0E-9813-58CE0F7C106F}
		{E6F61C01-014B-366E-A481-4672F4A92127} = {E6F61C01-014B-366E-A481-4672F4A92127}
		{0BDE4B47-1EE1-3C3B-AEF1-AA04AEB548B9} = {0BDE4B47-1EE1-3C3B-AEF1-AA04AEB548B9}
		{F7994DCE-60F8-3903-B715-B64172EA27FA} = {F7994DCE-60F8-3903-B715-B64172EA27FA}
	EndProjectSection
EndProject
Project("{8BC9CEB8-8B4A-11D0-8D11-00A0C91BC942}") = "INSTALL", "INSTALL.vcxproj", "{432C6E8C-BD86-3772-BF55-B7E4350C3879}"
	ProjectSection(ProjectDependencies) = postProject
		{795DAE64-2CB6-3439-9668-174A2E1CA675} = {795DAE64-2CB6-3439-9668-174A2E1CA675}
		{95FA44D3-5FB2-3C66-B382-98FF2FAA16C0} = {95FA44D3-5FB2-3C66-B382-98FF2FAA16C0}
	EndProjectSection
EndProject
Project("{8BC9CEB8-8B4A-11D0-8D11-00A0C91BC942}") = "PACKAGE", "PACKAGE.vcxproj", "{06125C5C-4BC1-3AB1-85FC-83A07D4874FA}"
	ProjectSection(ProjectDependencies) = postProject
		{795DAE64-2CB6-3439-9668-174A2E1CA675} = {795DAE64-2CB6-3439-9668-174A2E1CA675}
		{95FA44D3-5FB2-3C66-B382-98FF2FAA16C0} = {95FA44D3-5FB2-3C66-B382-98FF2FAA16C0}
	EndProjectSection
EndProject
Project("{8BC9CEB8-8B4A-11D0-8D11-00A0C91BC942}") = "RunUnitTests", "RunUnitTests.vcxproj", "{F4B2F758-4FC9-3651-A3B6-ECA699291D7D}"
	ProjectSection(ProjectDependencies) = postProject
		{95FA44D3-5FB2-3C66-B382-98FF2FAA16C0} = {95FA44D3-5FB2-3C66-B382-98FF2FAA16C0}
		{61F62545-97FD-3A6E-8929-8CFE501B5D66} = {61F62545-97FD-3A6E-8929-8CFE501B5D66}
		{9EDAD5EE-6AB8-3D7F-B703-1D4FB202CBFA} = {9EDAD5EE-6AB8-3D7F-B703-1D4FB202CBFA}
		{5D114403-0FB6-3C1F-9D1B-4B374D356078} = {5D114403-0FB6-3C1F-9D1B-4B374D356078}
		{4A97D0CA-8945-38CF-BF91-25625E59698E} = {4A97D0CA-8945-38CF-BF91-25625E59698E}
		{7FFD146E-3DF3-3D0E-9813-58CE0F7C106F} = {7FFD146E-3DF3-3D0E-9813-58CE0F7C106F}
		{E6F61C01-014B-366E-A481-4672F4A92127} = {E6F61C01-014B-366E-A481-4672F4A92127}
		{0BDE4B47-1EE1-3C3B-AEF1-AA04AEB548B9} = {0BDE4B47-1EE1-3C3B-AEF1-AA04AEB548B9}
		{F7994DCE-60F8-3903-B715-B64172EA27FA} = {F7994DCE-60F8-3903-B715-B64172EA27FA}
	EndProjectSection
EndProject
Project("{8BC9CEB8-8B4A-11D0-8D11-00A0C91BC942}") = "ZERO_CHECK", "ZERO_CHECK.vcxproj", "{95FA44D3-5FB2-3C66-B382-98FF2FAA16C0}"
	ProjectSection(ProjectDependencies) = postProject
	EndProjectSection
EndProject
Project("{8BC9CEB8-8B4A-11D0-8D11-00A0C91BC942}") = "box2d", "_deps\box2d-build\src\box2d.vcxproj", "{61F62545-97FD-3A6E-8929-8CFE501B5D66}"
	ProjectSection(ProjectDependencies) = postProject
		{95FA44D3-5FB2-3C66-B382-98FF2FAA16C0} = {95FA44D3-5FB2-3C66-B382-98FF2FAA16C0}
	EndProjectSection
EndProject
Project("{8BC9CEB8-8B4A-11D0-8D11-00A0C91BC942}") = "glad", "_deps\box2d-build\extern\glad\glad.vcxproj", "{51A6162B-87A1-34B8-8FE1-428569E1377D}"
	ProjectSection(ProjectDependencies) = postProject
		{95FA44D3-5FB2-3C66-B382-98FF2FAA16C0} = {95FA44D3-5FB2-3C66-B382-98FF2FAA16C0}
	EndProjectSection
EndProject
Project("{8BC9CEB8-8B4A-11D0-8D11-00A0C91BC942}") = "glfw", "_deps\box2d-build\extern\glfw\glfw.vcxproj", "{15BF9661-B5AC-383F-B114-C8A5FBFB5B56}"
	ProjectSection(ProjectDependencies) = postProject
		{95FA44D3-5FB2-3C66-B382-98FF2FAA16C0} = {95FA44D3-5FB2-3C66-B382-98FF2FAA16C0}
	EndProjectSection
EndProject
Project("{8BC9CEB8-8B4A-11D0-8D11-00A0C91BC942}") = "gmock", "_deps\googletest-build\googlemock\gmock.vcxproj", "{66FBDC48-2444-3CB8-9218-3DF8BD466081}"
	ProjectSection(ProjectDependencies) = postProject
		{95FA44D3-5FB2-3C66-B382-98FF2FAA16C0} = {95FA44D3-5FB2-3C66-B382-98FF2FAA16C0}
	EndProjectSection
EndProject
Project("{8BC9CEB8-8B4A-11D0-8D11-00A0C91BC942}") = "gmock_main", "_deps\googletest-build\googlemock\gmock_main.vcxproj", "{B7805707-F1C1-3040-9AF6-9AC777D2DBEA}"
	ProjectSection(ProjectDependencies) = postProject
		{95FA44D3-5FB2-3C66-B382-98FF2FAA16C0} = {95FA44D3-5FB2-3C66-B382-98FF2FAA16C0}
	EndProjectSection
EndProject
Project("{8BC9CEB8-8B4A-11D0-8D11-00A0C91BC942}") = "gtest", "_deps\googletest-build\googletest\gtest.vcxproj", "{9EDAD5EE-6AB8-3D7F-B703-1D4FB202CBFA}"
	ProjectSection(ProjectDependencies) = postProject
		{95FA44D3-5FB2-3C66-B382-98FF2FAA16C0} = {95FA44D3-5FB2-3C66-B382-98FF2FAA16C0}
	EndProjectSection
EndProject
Project("{8BC9CEB8-8B4A-11D0-8D11-00A0C91BC942}") = "gtest_main", "_deps\googletest-build\googletest\gtest_main.vcxproj", "{5D114403-0FB6-3C1F-9D1B-4B374D356078}"
	ProjectSection(ProjectDependencies) = postProject
		{95FA44D3-5FB2-3C66-B382-98FF2FAA16C0} = {95FA44D3-5FB2-3C66-B382-98FF2FAA16C0}
		{9EDAD5EE-6AB8-3D7F-B703-1D4FB202CBFA} = {9EDAD5EE-6AB8-3D7F-B703-1D4FB202CBFA}
	EndProjectSection
EndProject
Project("{8BC9CEB8-8B4A-11D0-8D11-00A0C91BC942}") = "imgui", "_deps\box2d-build\extern\imgui\imgui.vcxproj", "{AED64DA4-6CEF-3878-82D4-30C68A0680BB}"
	ProjectSection(ProjectDependencies) = postProject
		{95FA44D3-5FB2-3C66-B382-98FF2FAA16C0} = {95FA44D3-5FB2-3C66-B382-98FF2FAA16C0}
	EndProjectSection
EndProject
Project("{8BC9CEB8-8B4A-11D0-8D11-00A0C91BC942}") = "sajson", "_deps\box2d-build\extern\sajson\sajson.vcxproj", "{6B9CD526-9BC0-32DB-8B09-6346587B50CB}"
	ProjectSection(ProjectDependencies) = postProject
		{95FA44D3-5FB2-3C66-B382-98FF2FAA16C0} = {95FA44D3-5FB2-3C66-B382-98FF2FAA16C0}
	EndProjectSection
EndProject
Project("{8BC9CEB8-8B4A-11D0-8D11-00A0C91BC942}") = "sfml-audio", "_deps\sfml-build\src\SFML\Audio\sfml-audio.vcxproj", "{4A97D0CA-8945-38CF-BF91-25625E59698E}"
	ProjectSection(ProjectDependencies) = postProject
		{95FA44D3-5FB2-3C66-B382-98FF2FAA16C0} = {95FA44D3-5FB2-3C66-B382-98FF2FAA16C0}
		{0BDE4B47-1EE1-3C3B-AEF1-AA04AEB548B9} = {0BDE4B47-1EE1-3C3B-AEF1-AA04AEB548B9}
	EndProjectSection
EndProject
Project("{8BC9CEB8-8B4A-11D0-8D11-00A0C91BC942}") = "sfml-graphics", "_deps\sfml-build\src\SFML\Graphics\sfml-graphics.vcxproj", "{7FFD146E-3DF3-3D0E-9813-58CE0F7C106F}"
	ProjectSection(ProjectDependencies) = postProject
		{95FA44D3-5FB2-3C66-B382-98FF2FAA16C0} = {95FA44D3-5FB2-3C66-B382-98FF2FAA16C0}
		{0BDE4B47-1EE1-3C3B-AEF1-AA04AEB548B9} = {0BDE4B47-1EE1-3C3B-AEF1-AA04AEB548B9}
		{F7994DCE-60F8-3903-B715-B64172EA27FA} = {F7994DCE-60F8-3903-B715-B64172EA27FA}
	EndProjectSection
EndProject
Project("{8BC9CEB8-8B4A-11D0-8D11-00A0C91BC942}") = "sfml-main", "_deps\sfml-build\src\SFML\Main\sfml-main.vcxproj", "{99F831D8-F70B-3A32-A2DB-D8DCA1CCDEE5}"
	ProjectSection(ProjectDependencies) = postProject
		{95FA44D3-5FB2-3C66-B382-98FF2FAA16C0} = {95FA44D3-5FB2-3C66-B382-98FF2FAA16C0}
	EndProjectSection
EndProject
Project("{8BC9CEB8-8B4A-11D0-8D11-00A0C91BC942}") = "sfml-network", "_deps\sfml-build\src\SFML\Network\sfml-network.vcxproj", "{E6F61C01-014B-366E-A481-4672F4A92127}"
	ProjectSection(ProjectDependencies) = postProject
		{95FA44D3-5FB2-3C66-B382-98FF2FAA16C0} = {95FA44D3-5FB2-3C66-B382-98FF2FAA16C0}
		{0BDE4B47-1EE1-3C3B-AEF1-AA04AEB548B9} = {0BDE4B47-1EE1-3C3B-AEF1-AA04AEB548B9}
	EndProjectSection
EndProject
Project("{8BC9CEB8-8B4A-11D0-8D11-00A0C91BC942}") = "sfml-system", "_deps\sfml-build\src\SFML\System\sfml-system.vcxproj", "{0BDE4B47-1EE1-3C3B-AEF1-AA04AEB548B9}"
	ProjectSection(ProjectDependencies) = postProject
		{95FA44D3-5FB2-3C66-B382-98FF2FAA16C0} = {95FA44D3-5FB2-3C66-B382-98FF2FAA16C0}
	EndProjectSection
EndProject
Project("{8BC9CEB8-8B4A-11D0-8D11-00A0C91BC942}") = "sfml-window", "_deps\sfml-build\src\SFML\Window\sfml-window.vcxproj", "{F7994DCE-60F8-3903-B715-B64172EA27FA}"
	ProjectSection(ProjectDependencies) = postProject
		{95FA44D3-5FB2-3C66-B382-98FF2FAA16C0} = {95FA44D3-5FB2-3C66-B382-98FF2FAA16C0}
		{0BDE4B47-1EE1-3C3B-AEF1-AA04AEB548B9} = {0BDE4B47-1EE1-3C3B-AEF1-AA04AEB548B9}
	EndProjectSection
EndProject
Project("{8BC9CEB8-8B4A-11D0-8D11-00A0C91BC942}") = "testbed", "_deps\box2d-build\testbed\testbed.vcxproj", "{20DDD6ED-D683-35D9-A29C-A2071C3AA3B5}"
	ProjectSection(ProjectDependencies) = postProject
		{95FA44D3-5FB2-3C66-B382-98FF2FAA16C0} = {95FA44D3-5FB2-3C66-B382-98FF2FAA16C0}
		{61F62545-97FD-3A6E-8929-8CFE501B5D66} = {61F62545-97FD-3A6E-8929-8CFE501B5D66}
		{51A6162B-87A1-34B8-8FE1-428569E1377D} = {51A6162B-87A1-34B8-8FE1-428569E1377D}
		{15BF9661-B5AC-383F-B114-C8A5FBFB5B56} = {15BF9661-B5AC-383F-B114-C8A5FBFB5B56}
		{AED64DA4-6CEF-3878-82D4-30C68A0680BB} = {AED64DA4-6CEF-3878-82D4-30C68A0680BB}
		{6B9CD526-9BC0-32DB-8B09-6346587B50CB} = {6B9CD526-9BC0-32DB-8B09-6346587B50CB}
	EndProjectSection
EndProject
Project("{8BC9CEB8-8B4A-11D0-8D11-00A0C91BC942}") = "unit_test", "_deps\box2d-build\unit-test\unit_test.vcxproj", "{F38EE1D4-4DD7-31B2-8EF4-739518DBB8B0}"
	ProjectSection(ProjectDependencies) = postProject
		{95FA44D3-5FB2-3C66-B382-98FF2FAA16C0} = {95FA44D3-5FB2-3C66-B382-98FF2FAA16C0}
		{61F62545-97FD-3A6E-8929-8CFE501B5D66} = {61F62545-97FD-3A6E-8929-8CFE501B5D66}
	EndProjectSection
EndProject
Global
	GlobalSection(SolutionConfigurationPlatforms) = preSolution
		Debug|x64 = Debug|x64
		Release|x64 = Release|x64
		MinSizeRel|x64 = MinSizeRel|x64
		RelWithDebInfo|x64 = RelWithDebInfo|x64
	EndGlobalSection
	GlobalSection(ProjectConfigurationPlatforms) = postSolution
		{795DAE64-2CB6-3439-9668-174A2E1CA675}.Debug|x64.ActiveCfg = Debug|x64
		{795DAE64-2CB6-3439-9668-174A2E1CA675}.Debug|x64.Build.0 = Debug|x64
		{795DAE64-2CB6-3439-9668-174A2E1CA675}.Release|x64.ActiveCfg = Release|x64
		{795DAE64-2CB6-3439-9668-174A2E1CA675}.Release|x64.Build.0 = Release|x64
		{795DAE64-2CB6-3439-9668-174A2E1CA675}.MinSizeRel|x64.ActiveCfg = MinSizeRel|x64
		{795DAE64-2CB6-3439-9668-174A2E1CA675}.MinSizeRel|x64.Build.0 = MinSizeRel|x64
		{795DAE64-2CB6-3439-9668-174A2E1CA675}.RelWithDebInfo|x64.ActiveCfg = RelWithDebInfo|x64
		{795DAE64-2CB6-3439-9668-174A2E1CA675}.RelWithDebInfo|x64.Build.0 = RelWithDebInfo|x64
		{753F7AD8-3477-370C-8887-0893A1488D15}.Debug|x64.ActiveCfg = Debug|x64
		{753F7AD8-3477-370C-8887-0893A1488D15}.Debug|x64.Build.0 = Debug|x64
		{753F7AD8-3477-370C-8887-0893A1488D15}.Release|x64.ActiveCfg = Release|x64
		{753F7AD8-3477-370C-8887-0893A1488D15}.Release|x64.Build.0 = Release|x64
		{753F7AD8-3477-370C-8887-0893A1488D15}.MinSizeRel|x64.ActiveCfg = MinSizeRel|x64
		{753F7AD8-3477-370C-8887-0893A1488D15}.MinSizeRel|x64.Build.0 = MinSizeRel|x64
		{753F7AD8-3477-370C-8887-0893A1488D15}.RelWithDebInfo|x64.ActiveCfg = RelWithDebInfo|x64
		{753F7AD8-3477-370C-8887-0893A1488D15}.RelWithDebInfo|x64.Build.0 = RelWithDebInfo|x64
		{432C6E8C-BD86-3772-BF55-B7E4350C3879}.Debug|x64.ActiveCfg = Debug|x64
		{432C6E8C-BD86-3772-BF55-B7E4350C3879}.Release|x64.ActiveCfg = Release|x64
		{432C6E8C-BD86-3772-BF55-B7E4350C3879}.MinSizeRel|x64.ActiveCfg = MinSizeRel|x64
		{432C6E8C-BD86-3772-BF55-B7E4350C3879}.RelWithDebInfo|x64.ActiveCfg = RelWithDebInfo|x64
		{06125C5C-4BC1-3AB1-85FC-83A07D4874FA}.Debug|x64.ActiveCfg = Debug|x64
		{06125C5C-4BC1-3AB1-85FC-83A07D4874FA}.Release|x64.ActiveCfg = Release|x64
		{06125C5C-4BC1-3AB1-85FC-83A07D4874FA}.MinSizeRel|x64.ActiveCfg = MinSizeRel|x64
		{06125C5C-4BC1-3AB1-85FC-83A07D4874FA}.RelWithDebInfo|x64.ActiveCfg = RelWithDebInfo|x64
		{F4B2F758-4FC9-3651-A3B6-ECA699291D7D}.Debug|x64.ActiveCfg = Debug|x64
		{F4B2F758-4FC9-3651-A3B6-ECA699291D7D}.Debug|x64.Build.0 = Debug|x64
		{F4B2F758-4FC9-3651-A3B6-ECA699291D7D}.Release|x64.ActiveCfg = Release|x64
		{F4B2F758-4FC9-3651-A3B6-ECA699291D7D}.Release|x64.Build.0 = Release|x64
		{F4B2F758-4FC9-3651-A3B6-ECA699291D7D}.MinSizeRel|x64.ActiveCfg = MinSizeRel|x64
		{F4B2F758-4FC9-3651-A3B6-ECA699291D7D}.MinSizeRel|x64.Build.0 = MinSizeRel|x64
		{F4B2F758-4FC9-3651-A3B6-ECA699291D7D}.RelWithDebInfo|x64.ActiveCfg = RelWithDebInfo|x64
		{F4B2F758-4FC9-3651-A3B6-ECA699291D7D}.RelWithDebInfo|x64.Build.0 = RelWithDebInfo|x64
		{95FA44D3-5FB2-3C66-B382-98FF2FAA16C0}.Debug|x64.ActiveCfg = Debug|x64
		{95FA44D3-5FB2-3C66-B382-98FF2FAA16C0}.Debug|x64.Build.0 = Debug|x64
		{95FA44D3-5FB2-3C66-B382-98FF2FAA16C0}.Release|x64.ActiveCfg = Release|x64
		{95FA44D3-5FB2-3C66-B382-98FF2FAA16C0}.Release|x64.Build.0 = Release|x64
		{95FA44D3-5FB2-3C66-B382-98FF2FAA16C0}.MinSizeRel|x64.ActiveCfg = MinSizeRel|x64
		{95FA44D3-5FB2-3C66-B382-98FF2FAA16C0}.MinSizeRel|x64.Build.0 = MinSizeRel|x64
		{95FA44D3-5FB2-3C66-B382-98FF2FAA16C0}.RelWithDebInfo|x64.ActiveCfg = RelWithDebInfo|x64
		{95FA44D3-5FB2-3C66-B382-98FF2FAA16C0}.RelWithDebInfo|x64.Build.0 = RelWithDebInfo|x64
		{61F62545-97FD-3A6E-8929-8CFE501B5D66}.Debug|x64.ActiveCfg = Debug|x64
		{61F62545-97FD-3A6E-8929-8CFE501B5D66}.Debug|x64.Build.0 = Debug|x64
		{61F62545-97FD-3A6E-8929-8CFE501B5D66}.Release|x64.ActiveCfg = Release|x64
		{61F62545-97FD-3A6E-8929-8CFE501B5D66}.Release|x64.Build.0 = Release|x64
		{61F62545-97FD-3A6E-8929-8CFE501B5D66}.MinSizeRel|x64.ActiveCfg = MinSizeRel|x64
		{61F62545-97FD-3A6E-8929-8CFE501B5D66}.MinSizeRel|x64.Build.0 = MinSizeRel|x64
		{61F62545-97FD-3A6E-8929-8CFE501B5D66}.RelWithDebInfo|x64.ActiveCfg = RelWithDebInfo|x64
		{61F62545-97FD-3A6E-8929-8CFE501B5D66}.RelWithDebInfo|x64.Build.0 = RelWithDebInfo|x64
		{51A6162B-87A1-34B8-8FE1-428569E1377D}.Debug|x64.ActiveCfg = Debug|x64
		{51A6162B-87A1-34B8-8FE1-428569E1377D}.Debug|x64.Build.0 = Debug|x64
		{51A6162B-87A1-34B8-8FE1-428569E1377D}.Release|x64.ActiveCfg = Release|x64
		{51A6162B-87A1-34B8-8FE1-428569E1377D}.Release|x64.Build.0 = Release|x64
		{51A6162B-87A1-34B8-8FE1-428569E1377D}.MinSizeRel|x64.ActiveCfg = MinSizeRel|x64
		{51A6162B-87A1-34B8-8FE1-428569E1377D}.MinSizeRel|x64.Build.0 = MinSizeRel|x64
		{51A6162B-87A1-34B8-8FE1-428569E1377D}.RelWithDebInfo|x64.ActiveCfg = RelWithDebInfo|x64
		{51A6162B-87A1-34B8-8FE1-428569E1377D}.RelWithDebInfo|x64.Build.0 = RelWithDebInfo|x64
		{15BF9661-B5AC-383F-B114-C8A5FBFB5B56}.Debug|x64.ActiveCfg = Debug|x64
		{15BF9661-B5AC-383F-B114-C8A5FBFB5B56}.Debug|x64.Build.0 = Debug|x64
		{15BF9661-B5AC-383F-B114-C8A5FBFB5B56}.Release|x64.ActiveCfg = Release|x64
		{15BF9661-B5AC-383F-B114-C8A5FBFB5B56}.Release|x64.Build.0 = Release|x64
		{15BF9661-B5AC-383F-B114-C8A5FBFB5B56}.MinSizeRel|x64.ActiveCfg = MinSizeRel|x64
		{15BF9661-B5AC-383F-B114-C8A5FBFB5B56}.MinSizeRel|x64.Build.0 = MinSizeRel|x64
		{15BF9661-B5AC-383F-B114-C8A5FBFB5B56}.RelWithDebInfo|x64.ActiveCfg = RelWithDebInfo|x64
		{15BF9661-B5AC-383F-B114-C8A5FBFB5B56}.RelWithDebInfo|x64.Build.0 = RelWithDebInfo|x64
		{66FBDC48-2444-3CB8-9218-3DF8BD466081}.Debug|x64.ActiveCfg = Debug|x64
		{66FBDC48-2444-3CB8-9218-3DF8BD466081}.Debug|x64.Build.0 = Debug|x64
		{66FBDC48-2444-3CB8-9218-3DF8BD466081}.Release|x64.ActiveCfg = Release|x64
		{66FBDC48-2444-3CB8-9218-3DF8BD466081}.Release|x64.Build.0 = Release|x64
		{66FBDC48-2444-3CB8-9218-3DF8BD466081}.MinSizeRel|x64.ActiveCfg = MinSizeRel|x64
		{66FBDC48-2444-3CB8-9218-3DF8BD466081}.MinSizeRel|x64.Build.0 = MinSizeRel|x64
		{66FBDC48-2444-3CB8-9218-3DF8BD466081}.RelWithDebInfo|x64.ActiveCfg = RelWithDebInfo|x64
		{66FBDC48-2444-3CB8-9218-3DF8BD466081}.RelWithDebInfo|x64.Build.0 = RelWithDebInfo|x64
		{B7805707-F1C1-3040-9AF6-9AC777D2DBEA}.Debug|x64.ActiveCfg = Debug|x64
		{B7805707-F1C1-3040-9AF6-9AC777D2DBEA}.Debug|x64.Build.0 = Debug|x64
		{B7805707-F1C1-3040-9AF6-9AC777D2DBEA}.Release|x64.ActiveCfg = Release|x64
		{B7805707-F1C1-3040-9AF6-9AC777D2DBEA}.Release|x64.Build.0 = Release|x64
		{B7805707-F1C1-3040-9AF6-9AC777D2DBEA}.MinSizeRel|x64.ActiveCfg = MinSizeRel|x64
		{B7805707-F1C1-3040-9AF6-9AC777D2DBEA}.MinSizeRel|x64.Build.0 = MinSizeRel|x64
		{B7805707-F1C1-3040-9AF6-9AC777D2DBEA}.RelWithDebInfo|x64.ActiveCfg = RelWithDebInfo|x64
		{B7805707-F1C1-3040-9AF6-9AC777D2DBEA}.RelWithDebInfo|x64.Build.0 = RelWithDebInfo|x64
		{9EDAD5EE-6AB8-3D7F-B703-1D4FB202CBFA}.Debug|x64.ActiveCfg = Debug|x64
		{9EDAD5EE-6AB8-3D7F-B703-1D4FB202CBFA}.Debug|x64.Build.0 = Debug|x64
		{9EDAD5EE-6AB8-3D7F-B703-1D4FB202CBFA}.Release|x64.ActiveCfg = Release|x64
		{9EDAD5EE-6AB8-3D7F-B703-1D4FB202CBFA}.Release|x64.Build.0 = Release|x64
		{9EDAD5EE-6AB8-3D7F-B703-1D4FB202CBFA}.MinSizeRel|x64.ActiveCfg = MinSizeRel|x64
		{9EDAD5EE-6AB8-3D7F-B703-1D4FB202CBFA}.MinSizeRel|x64.Build.0 = MinSizeRel|x64
		{9EDAD5EE-6AB8-3D7F-B703-1D4FB202CBFA}.RelWithDebInfo|x64.ActiveCfg = RelWithDebInfo|x64
		{9EDAD5EE-6AB8-3D7F-B703-1D4FB202CBFA}.RelWithDebInfo|x64.Build.0 = RelWithDebInfo|x64
		{5D114403-0FB6-3C1F-9D1B-4B374D356078}.Debug|x64.ActiveCfg = Debug|x64
		{5D114403-0FB6-3C1F-9D1B-4B374D356078}.Debug|x64.Build.0 = Debug|x64
		{5D114403-0FB6-3C1F-9D1B-4B374D356078}.Release|x64.ActiveCfg = Release|x64
		{5D114403-0FB6-3C1F-9D1B-4B374D356078}.Release|x64.Build.0 = Release|x64
		{5D114403-0FB6-3C1F-9D1B-4B374D356078}.MinSizeRel|x64.ActiveCfg = MinSizeRel|x64
		{5D114403-0FB6-3C1F-9D1B-4B374D356078}.MinSizeRel|x64.Build.0 = MinSizeRel|x64
		{5D114403-0FB6-3C1F-9D1B-4B374D356078}.RelWithDebInfo|x64.ActiveCfg = RelWithDebInfo|x64
		{5D114403-0FB6-3C1F-9D1B-4B374D356078}.RelWithDebInfo|x64.Build.0 = RelWithDebInfo|x64
		{AED64DA4-6CEF-3878-82D4-30C68A0680BB}.Debug|x64.ActiveCfg = Debug|x64
		{AED64DA4-6CEF-3878-82D4-30C68A0680BB}.Debug|x64.Build.0 = Debug|x64
		{AED64DA4-6CEF-3878-82D4-30C68A0680BB}.Release|x64.ActiveCfg = Release|x64
		{AED64DA4-6CEF-3878-82D4-30C68A0680BB}.Release|x64.Build.0 = Release|x64
		{AED64DA4-6CEF-3878-82D4-30C68A0680BB}.MinSizeRel|x64.ActiveCfg = MinSizeRel|x64
		{AED64DA4-6CEF-3878-82D4-30C68A0680BB}.MinSizeRel|x64.Build.0 = MinSizeRel|x64
		{AED64DA4-6CEF-3878-82D4-30C68A0680BB}.RelWithDebInfo|x64.ActiveCfg = RelWithDebInfo|x64
		{AED64DA4-6CEF-3878-82D4-30C68A0680BB}.RelWithDebInfo|x64.Build.0 = RelWithDebInfo|x64
		{6B9CD526-9BC0-32DB-8B09-6346587B50CB}.Debug|x64.ActiveCfg = Debug|x64
		{6B9CD526-9BC0-32DB-8B09-6346587B50CB}.Debug|x64.Build.0 = Debug|x64
		{6B9CD526-9BC0-32DB-8B09-6346587B50CB}.Release|x64.ActiveCfg = Release|x64
		{6B9CD526-9BC0-32DB-8B09-6346587B50CB}.Release|x64.Build.0 = Release|x64
		{6B9CD526-9BC0-32DB-8B09-6346587B50CB}.MinSizeRel|x64.ActiveCfg = MinSizeRel|x64
		{6B9CD526-9BC0-32DB-8B09-6346587B50CB}.MinSizeRel|x64.Build.0 = MinSizeRel|x64
		{6B9CD526-9BC0-32DB-8B09-6346587B50CB}.RelWithDebInfo|x64.ActiveCfg = RelWithDebInfo|x64
		{6B9CD526-9BC0-32DB-8B09-6346587B50CB}.RelWithDebInfo|x64.Build.0 = RelWithDebInfo|x64
		{4A97D0CA-8945-38CF-BF91-25625E59698E}.Debug|x64.ActiveCfg = Debug|x64
		{4A97D0CA-8945-38CF-BF91-25625E59698E}.Debug|x64.Build.0 = Debug|x64
		{4A97D0CA-8945-38CF-BF91-25625E59698E}.Release|x64.ActiveCfg = Release|x64
		{4A97D0CA-8945-38CF-BF91-25625E59698E}.Release|x64.Build.0 = Release|x64
		{4A97D0CA-8945-38CF-BF91-25625E59698E}.MinSizeRel|x64.ActiveCfg = MinSizeRel|x64
		{4A97D0CA-8945-38CF-BF91-25625E59698E}.MinSizeRel|x64.Build.0 = MinSizeRel|x64
		{4A97D0CA-8945-38CF-BF91-25625E59698E}.RelWithDebInfo|x64.ActiveCfg = RelWithDebInfo|x64
		{4A97D0CA-8945-38CF-BF91-25625E59698E}.RelWithDebInfo|x64.Build.0 = RelWithDebInfo|x64
		{7FFD146E-3DF3-3D0E-9813-58CE0F7C106F}.Debug|x64.ActiveCfg = Debug|x64
		{7FFD146E-3DF3-3D0E-9813-58CE0F7C106F}.Debug|x64.Build.0 = Debug|x64
		{7FFD146E-3DF3-3D0E-9813-58CE0F7C106F}.Release|x64.ActiveCfg = Release|x64
		{7FFD146E-3DF3-3D0E-9813-58CE0F7C106F}.Release|x64.Build.0 = Release|x64
		{7FFD146E-3DF3-3D0E-9813-58CE0F7C106F}.MinSizeRel|x64.ActiveCfg = MinSizeRel|x64
		{7FFD146E-3DF3-3D0E-9813-58CE0F7C106F}.MinSizeRel|x64.Build.0 = MinSizeRel|x64
		{7FFD146E-3DF3-3D0E-9813-58CE0F7C106F}.RelWithDebInfo|x64.ActiveCfg = RelWithDebInfo|x64
		{7FFD146E-3DF3-3D0E-9813-58CE0F7C106F}.RelWithDebInfo|x64.Build.0 = RelWithDebInfo|x64
		{99F831D8-F70B-3A32-A2DB-D8DCA1CCDEE5}.Debug|x64.ActiveCfg = Debug|x64
		{99F831D8-F70B-3A32-A2DB-D8DCA1CCDEE5}.Debug|x64.Build.0 = Debug|x64
		{99F831D8-F70B-3A32-A2DB-D8DCA1CCDEE5}.Release|x64.ActiveCfg = Release|x64
		{99F831D8-F70B-3A32-A2DB-D8DCA1CCDEE5}.Release|x64.Build.0 = Release|x64
		{99F831D8-F70B-3A32-A2DB-D8DCA1CCDEE5}.MinSizeRel|x64.ActiveCfg = MinSizeRel|x64
		{99F831D8-F70B-3A32-A2DB-D8DCA1CCDEE5}.MinSizeRel|x64.Build.0 = MinSizeRel|x64
		{99F831D8-F70B-3A32-A2DB-D8DCA1CCDEE5}.RelWithDebInfo|x64.ActiveCfg = RelWithDebInfo|x64
		{99F831D8-F70B-3A32-A2DB-D8DCA1CCDEE5}.RelWithDebInfo|x64.Build.0 = RelWithDebInfo|x64
		{E6F61C01-014B-366E-A481-4672F4A92127}.Debug|x64.ActiveCfg = Debug|x64
		{E6F61C01-014B-366E-A481-4672F4A92127}.Debug|x64.Build.0 = Debug|x64
		{E6F61C01-014B-366E-A481-4672F4A92127}.Release|x64.ActiveCfg = Release|x64
		{E6F61C01-014B-366E-A481-4672F4A92127}.Release|x64.Build.0 = Release|x64
		{E6F61C01-014B-366E-A481-4672F4A92127}.MinSizeRel|x64.ActiveCfg = MinSizeRel|x64
		{E6F61C01-014B-366E-A481-4672F4A92127}.MinSizeRel|x64.Build.0 = MinSizeRel|x64
		{E6F61C01-014B-366E-A481-4672F4A92127}.RelWithDebInfo|x64.ActiveCfg = RelWithDebInfo|x64
		{E6F61C01-014B-366E-A481-4672F4A92127}.RelWithDebInfo|x64.Build.0 = RelWithDebInfo|x64
		{0BDE4B47-1EE1-3C3B-AEF1-AA04AEB548B9}.Debug|x64.ActiveCfg = Debug|x64
		{0BDE4B47-1EE1-3C3B-AEF1-AA04AEB548B9}.Debug|x64.Build.0 = Debug|x64
		{0BDE4B47-1EE1-3C3B-AEF1-AA04AEB548B9}.Release|x64.ActiveCfg = Release|x64
		{0BDE4B47-1EE1-3C3B-AEF1-AA04AEB548B9}.Release|x64.Build.0 = Release|x64
		{0BDE4B47-1EE1-3C3B-AEF1-AA04AEB548B9}.MinSizeRel|x64.ActiveCfg = MinSizeRel|x64
		{0BDE4B47-1EE1-3C3B-AEF1-AA04AEB548B9}.MinSizeRel|x64.Build.0 = MinSizeRel|x64
		{0BDE4B47-1EE1-3C3B-AEF1-AA04AEB548B9}.RelWithDebInfo|x64.ActiveCfg = RelWithDebInfo|x64
		{0BDE4B47-1EE1-3C3B-AEF1-AA04AEB548B9}.RelWithDebInfo|x64.Build.0 = RelWithDebInfo|x64
		{F7994DCE-60F8-3903-B715-B64172EA27FA}.Debug|x64.ActiveCfg = Debug|x64
		{F7994DCE-60F8-3903-B715-B64172EA27FA}.Debug|x64.Build.0 = Debug|x64
		{F7994DCE-60F8-3903-B715-B64172EA27FA}.Release|x64.ActiveCfg = Release|x64
		{F7994DCE-60F8-3903-B715-B64172EA27FA}.Release|x64.Build.0 = Release|x64
		{F7994DCE-60F8-3903-B715-B64172EA27FA}.MinSizeRel|x64.ActiveCfg = MinSizeRel|x64
		{F7994DCE-60F8-3903-B715-B64172EA27FA}.MinSizeRel|x64.Build.0 = MinSizeRel|x64
		{F7994DCE-60F8-3903-B715-B64172EA27FA}.RelWithDebInfo|x64.ActiveCfg = RelWithDebInfo|x64
		{F7994DCE-60F8-3903-B715-B64172EA27FA}.RelWithDebInfo|x64.Build.0 = RelWithDebInfo|x64
		{20DDD6ED-D683-35D9-A29C-A2071C3AA3B5}.Debug|x64.ActiveCfg = Debug|x64
		{20DDD6ED-D683-35D9-A29C-A2071C3AA3B5}.Debug|x64.Build.0 = Debug|x64
		{20DDD6ED-D683-35D9-A29C-A2071C3AA3B5}.Release|x64.ActiveCfg = Release|x64
		{20DDD6ED-D683-35D9-A29C-A2071C3AA3B5}.Release|x64.Build.0 = Release|x64
		{20DDD6ED-D683-35D9-A29C-A2071C3AA3B5}.MinSizeRel|x64.ActiveCfg = MinSizeRel|x64
		{20DDD6ED-D683-35D9-A29C-A2071C3AA3B5}.MinSizeRel|x64.Build.0 = MinSizeRel|x64
		{20DDD6ED-D683-35D9-A29C-A2071C3AA3B5}.RelWithDebInfo|x64.ActiveCfg = RelWithDebInfo|x64
		{20DDD6ED-D683-35D9-A29C-A2071C3AA3B5}.RelWithDebInfo|x64.Build.0 = RelWithDebInfo|x64
		{F38EE1D4-4DD7-31B2-8EF4-739518DBB8B0}.Debug|x64.ActiveCfg = Debug|x64
		{F38EE1D4-4DD7-31B2-8EF4-739518DBB8B0}.Debug|x64.Build.0 = Debug|x64
		{F38EE1D4-4DD7-31B2-8EF4-739518DBB8B0}.Release|x64.ActiveCfg = Release|x64
		{F38EE1D4-4DD7-31B2-8EF4-739518DBB8B0}.Release|x64.Build.0 = Release|x64
		{F38EE1D4-4DD7-31B2-8EF4-739518DBB8B0}.MinSizeRel|x64.ActiveCfg = MinSizeRel|x64
		{F38EE1D4-4DD7-31B2-8EF4-739518DBB8B0}.MinSizeRel|x64.Build.0 = MinSizeRel|x64
		{F38EE1D4-4DD7-31B2-8EF4-739518DBB8B0}.RelWithDebInfo|x64.ActiveCfg = RelWithDebInfo|x64
		{F38EE1D4-4DD7-31B2-8EF4-739518DBB8B0}.RelWithDebInfo|x64.Build.0 = RelWithDebInfo|x64
	EndGlobalSection
	GlobalSection(NestedProjects) = preSolution
		{795DAE64-2CB6-3439-9668-174A2E1CA675} = {D474AB01-A3BA-32DD-98F2-1D7543B02CDE}
		{432C6E8C-BD86-3772-BF55-B7E4350C3879} = {D474AB01-A3BA-32DD-98F2-1D7543B02CDE}
		{06125C5C-4BC1-3AB1-85FC-83A07D4874FA} = {D474AB01-A3BA-32DD-98F2-1D7543B02CDE}
		{95FA44D3-5FB2-3C66-B382-98FF2FAA16C0} = {D474AB01-A3BA-32DD-98F2-1D7543B02CDE}
		{4A97D0CA-8945-38CF-BF91-25625E59698E} = {41C89FEB-27EF-3853-90EF-A16375140469}
		{7FFD146E-3DF3-3D0E-9813-58CE0F7C106F} = {41C89FEB-27EF-3853-90EF-A16375140469}
		{99F831D8-F70B-3A32-A2DB-D8DCA1CCDEE5} = {41C89FEB-27EF-3853-90EF-A16375140469}
		{E6F61C01-014B-366E-A481-4672F4A92127} = {41C89FEB-27EF-3853-90EF-A16375140469}
		{0BDE4B47-1EE1-3C3B-AEF1-AA04AEB548B9} = {41C89FEB-27EF-3853-90EF-A16375140469}
		{F7994DCE-60F8-3903-B715-B64172EA27FA} = {41C89FEB-27EF-3853-90EF-A16375140469}
	EndGlobalSection
	GlobalSection(ExtensibilityGlobals) = postSolution
		SolutionGuid = {8D8E60D9-8625-3945-97DB-E87175AFD23E}
	EndGlobalSection
	GlobalSection(ExtensibilityAddIns) = postSolution
	EndGlobalSection
EndGlobal
